// !$*UTF8*$!
{
	archiveVersion = 1;
	classes = {
	};
	objectVersion = 46;
	objects = {

/* Begin PBXBuildFile section */
		334CC1371D73E257007F583C /* main.m in Sources */ = {isa = PBXBuildFile; fileRef = 334CC1361D73E257007F583C /* main.m */; };
		334CC13A1D73E257007F583C /* AppDelegate.m in Sources */ = {isa = PBXBuildFile; fileRef = 334CC1391D73E257007F583C /* AppDelegate.m */; };
		334CC13D1D73E257007F583C /* ViewController.m in Sources */ = {isa = PBXBuildFile; fileRef = 334CC13C1D73E257007F583C /* ViewController.m */; };
		334CC1401D73E257007F583C /* Main.storyboard in Resources */ = {isa = PBXBuildFile; fileRef = 334CC13E1D73E257007F583C /* Main.storyboard */; };
		334CC1421D73E257007F583C /* Assets.xcassets in Resources */ = {isa = PBXBuildFile; fileRef = 334CC1411D73E257007F583C /* Assets.xcassets */; };
		334CC1451D73E257007F583C /* LaunchScreen.storyboard in Resources */ = {isa = PBXBuildFile; fileRef = 334CC1431D73E257007F583C /* LaunchScreen.storyboard */; };
		334CC1501D73E257007F583C /* __Tests.m in Sources */ = {isa = PBXBuildFile; fileRef = 334CC14F1D73E257007F583C /* __Tests.m */; };
		334CC15B1D73E257007F583C /* __UITests.m in Sources */ = {isa = PBXBuildFile; fileRef = 334CC15A1D73E257007F583C /* __UITests.m */; };
		334CC16A1D73E2A6007F583C /* BazierLine.m in Sources */ = {isa = PBXBuildFile; fileRef = 334CC1691D73E2A6007F583C /* BazierLine.m */; };
/* End PBXBuildFile section */

/* Begin PBXContainerItemProxy section */
		334CC14C1D73E257007F583C /* PBXContainerItemProxy */ = {
			isa = PBXContainerItemProxy;
			containerPortal = 334CC12A1D73E256007F583C /* Project object */;
			proxyType = 1;
			remoteGlobalIDString = 334CC1311D73E256007F583C;
			remoteInfo = "绘图";
		};
		334CC1571D73E257007F583C /* PBXContainerItemProxy */ = {
			isa = PBXContainerItemProxy;
			containerPortal = 334CC12A1D73E256007F583C /* Project object */;
			proxyType = 1;
			remoteGlobalIDString = 334CC1311D73E256007F583C;
			remoteInfo = "绘图";
		};
/* End PBXContainerItemProxy section */

/* Begin PBXFileReference section */
		334CC1321D73E256007F583C /* 绘图.app */ = {isa = PBXFileReference; explicitFileType = wrapper.application; includeInIndex = 0; path = "绘图.app"; sourceTree = BUILT_PRODUCTS_DIR; };
		334CC1361D73E257007F583C /* main.m */ = {isa = PBXFileReference; lastKnownFileType = sourcecode.c.objc; path = main.m; sourceTree = "<group>"; };
		334CC1381D73E257007F583C /* AppDelegate.h */ = {isa = PBXFileReference; lastKnownFileType = sourcecode.c.h; path = AppDelegate.h; sourceTree = "<group>"; };
		334CC1391D73E257007F583C /* AppDelegate.m */ = {isa = PBXFileReference; lastKnownFileType = sourcecode.c.objc; path = AppDelegate.m; sourceTree = "<group>"; };
		334CC13B1D73E257007F583C /* ViewController.h */ = {isa = PBXFileReference; lastKnownFileType = sourcecode.c.h; path = ViewController.h; sourceTree = "<group>"; };
		334CC13C1D73E257007F583C /* ViewController.m */ = {isa = PBXFileReference; lastKnownFileType = sourcecode.c.objc; path = ViewController.m; sourceTree = "<group>"; };
		334CC13F1D73E257007F583C /* Base */ = {isa = PBXFileReference; lastKnownFileType = file.storyboard; name = Base; path = Base.lproj/Main.storyboard; sourceTree = "<group>"; };
		334CC1411D73E257007F583C /* Assets.xcassets */ = {isa = PBXFileReference; lastKnownFileType = folder.assetcatalog; path = Assets.xcassets; sourceTree = "<group>"; };
		334CC1441D73E257007F583C /* Base */ = {isa = PBXFileReference; lastKnownFileType = file.storyboard; name = Base; path = Base.lproj/LaunchScreen.storyboard; sourceTree = "<group>"; };
		334CC1461D73E257007F583C /* Info.plist */ = {isa = PBXFileReference; lastKnownFileType = text.plist.xml; path = Info.plist; sourceTree = "<group>"; };
		334CC14B1D73E257007F583C /* 绘图Tests.xctest */ = {isa = PBXFileReference; explicitFileType = wrapper.cfbundle; includeInIndex = 0; path = "绘图Tests.xctest"; sourceTree = BUILT_PRODUCTS_DIR; };
		334CC14F1D73E257007F583C /* __Tests.m */ = {isa = PBXFileReference; lastKnownFileType = sourcecode.c.objc; path = __Tests.m; sourceTree = "<group>"; };
		334CC1511D73E257007F583C /* Info.plist */ = {isa = PBXFileReference; lastKnownFileType = text.plist.xml; path = Info.plist; sourceTree = "<group>"; };
		334CC1561D73E257007F583C /* 绘图UITests.xctest */ = {isa = PBXFileReference; explicitFileType = wrapper.cfbundle; includeInIndex = 0; path = "绘图UITests.xctest"; sourceTree = BUILT_PRODUCTS_DIR; };
		334CC15A1D73E257007F583C /* __UITests.m */ = {isa = PBXFileReference; lastKnownFileType = sourcecode.c.objc; path = __UITests.m; sourceTree = "<group>"; };
		334CC15C1D73E257007F583C /* Info.plist */ = {isa = PBXFileReference; lastKnownFileType = text.plist.xml; path = Info.plist; sourceTree = "<group>"; };
		334CC1681D73E2A6007F583C /* BazierLine.h */ = {isa = PBXFileReference; fileEncoding = 4; lastKnownFileType = sourcecode.c.h; path = BazierLine.h; sourceTree = "<group>"; };
		334CC1691D73E2A6007F583C /* BazierLine.m */ = {isa = PBXFileReference; fileEncoding = 4; lastKnownFileType = sourcecode.c.objc; path = BazierLine.m; sourceTree = "<group>"; };
/* End PBXFileReference section */

/* Begin PBXFrameworksBuildPhase section */
		334CC12F1D73E256007F583C /* Frameworks */ = {
			isa = PBXFrameworksBuildPhase;
			buildActionMask = 2147483647;
			files = (
			);
			runOnlyForDeploymentPostprocessing = 0;
		};
		334CC1481D73E257007F583C /* Frameworks */ = {
			isa = PBXFrameworksBuildPhase;
			buildActionMask = 2147483647;
			files = (
			);
			runOnlyForDeploymentPostprocessing = 0;
		};
		334CC1531D73E257007F583C /* Frameworks */ = {
			isa = PBXFrameworksBuildPhase;
			buildActionMask = 2147483647;
			files = (
			);
			runOnlyForDeploymentPostprocessing = 0;
		};
/* End PBXFrameworksBuildPhase section */

/* Begin PBXGroup section */
		334CC1291D73E256007F583C = {
			isa = PBXGroup;
			children = (
				334CC1341D73E256007F583C /* 绘图 */,
				334CC14E1D73E257007F583C /* 绘图Tests */,
				334CC1591D73E257007F583C /* 绘图UITests */,
				334CC1331D73E256007F583C /* Products */,
			);
			sourceTree = "<group>";
		};
		334CC1331D73E256007F583C /* Products */ = {
			isa = PBXGroup;
			children = (
				334CC1321D73E256007F583C /* 绘图.app */,
				334CC14B1D73E257007F583C /* 绘图Tests.xctest */,
				334CC1561D73E257007F583C /* 绘图UITests.xctest */,
			);
			name = Products;
			sourceTree = "<group>";
		};
		334CC1341D73E256007F583C /* 绘图 */ = {
			isa = PBXGroup;
			children = (
				334CC1381D73E257007F583C /* AppDelegate.h */,
				334CC1391D73E257007F583C /* AppDelegate.m */,
				334CC13B1D73E257007F583C /* ViewController.h */,
				334CC13C1D73E257007F583C /* ViewController.m */,
				334CC1681D73E2A6007F583C /* BazierLine.h */,
				334CC1691D73E2A6007F583C /* BazierLine.m */,
				334CC13E1D73E257007F583C /* Main.storyboard */,
				334CC1411D73E257007F583C /* Assets.xcassets */,
				334CC1431D73E257007F583C /* LaunchScreen.storyboard */,
				334CC1461D73E257007F583C /* Info.plist */,
				334CC1351D73E256007F583C /* Supporting Files */,
			);
			path = "绘图";
			sourceTree = "<group>";
		};
		334CC1351D73E256007F583C /* Supporting Files */ = {
			isa = PBXGroup;
			children = (
				334CC1361D73E257007F583C /* main.m */,
			);
			name = "Supporting Files";
			sourceTree = "<group>";
		};
		334CC14E1D73E257007F583C /* 绘图Tests */ = {
			isa = PBXGroup;
			children = (
				334CC14F1D73E257007F583C /* __Tests.m */,
				334CC1511D73E257007F583C /* Info.plist */,
			);
			path = "绘图Tests";
			sourceTree = "<group>";
		};
		334CC1591D73E257007F583C /* 绘图UITests */ = {
			isa = PBXGroup;
			children = (
				334CC15A1D73E257007F583C /* __UITests.m */,
				334CC15C1D73E257007F583C /* Info.plist */,
			);
			path = "绘图UITests";
			sourceTree = "<group>";
		};
/* End PBXGroup section */

/* Begin PBXNativeTarget section */
		334CC1311D73E256007F583C /* 绘图 */ = {
			isa = PBXNativeTarget;
			buildConfigurationList = 334CC15F1D73E257007F583C /* Build configuration list for PBXNativeTarget "绘图" */;
			buildPhases = (
				334CC12E1D73E256007F583C /* Sources */,
				334CC12F1D73E256007F583C /* Frameworks */,
				334CC1301D73E256007F583C /* Resources */,
			);
			buildRules = (
			);
			dependencies = (
			);
			name = "绘图";
			productName = "绘图";
			productReference = 334CC1321D73E256007F583C /* 绘图.app */;
			productType = "com.apple.product-type.application";
		};
		334CC14A1D73E257007F583C /* 绘图Tests */ = {
			isa = PBXNativeTarget;
			buildConfigurationList = 334CC1621D73E257007F583C /* Build configuration list for PBXNativeTarget "绘图Tests" */;
			buildPhases = (
				334CC1471D73E257007F583C /* Sources */,
				334CC1481D73E257007F583C /* Frameworks */,
				334CC1491D73E257007F583C /* Resources */,
			);
			buildRules = (
			);
			dependencies = (
				334CC14D1D73E257007F583C /* PBXTargetDependency */,
			);
			name = "绘图Tests";
			productName = "绘图Tests";
			productReference = 334CC14B1D73E257007F583C /* 绘图Tests.xctest */;
			productType = "com.apple.product-type.bundle.unit-test";
		};
		334CC1551D73E257007F583C /* 绘图UITests */ = {
			isa = PBXNativeTarget;
			buildConfigurationList = 334CC1651D73E257007F583C /* Build configuration list for PBXNativeTarget "绘图UITests" */;
			buildPhases = (
				334CC1521D73E257007F583C /* Sources */,
				334CC1531D73E257007F583C /* Frameworks */,
				334CC1541D73E257007F583C /* Resources */,
			);
			buildRules = (
			);
			dependencies = (
				334CC1581D73E257007F583C /* PBXTargetDependency */,
			);
			name = "绘图UITests";
			productName = "绘图UITests";
			productReference = 334CC1561D73E257007F583C /* 绘图UITests.xctest */;
			productType = "com.apple.product-type.bundle.ui-testing";
		};
/* End PBXNativeTarget section */

/* Begin PBXProject section */
		334CC12A1D73E256007F583C /* Project object */ = {
			isa = PBXProject;
			attributes = {
				LastUpgradeCheck = 0710;
				ORGANIZATIONNAME = tens04.27;
				TargetAttributes = {
					334CC1311D73E256007F583C = {
						CreatedOnToolsVersion = 7.1.1;
					};
					334CC14A1D73E257007F583C = {
						CreatedOnToolsVersion = 7.1.1;
						TestTargetID = 334CC1311D73E256007F583C;
					};
					334CC1551D73E257007F583C = {
						CreatedOnToolsVersion = 7.1.1;
						TestTargetID = 334CC1311D73E256007F583C;
					};
				};
			};
			buildConfigurationList = 334CC12D1D73E256007F583C /* Build configuration list for PBXProject "绘图" */;
			compatibilityVersion = "Xcode 3.2";
			developmentRegion = English;
			hasScannedForEncodings = 0;
			knownRegions = (
				en,
				Base,
			);
			mainGroup = 334CC1291D73E256007F583C;
			productRefGroup = 334CC1331D73E256007F583C /* Products */;
			projectDirPath = "";
			projectRoot = "";
			targets = (
				334CC1311D73E256007F583C /* 绘图 */,
				334CC14A1D73E257007F583C /* 绘图Tests */,
				334CC1551D73E257007F583C /* 绘图UITests */,
			);
		};
/* End PBXProject section */

/* Begin PBXResourcesBuildPhase section */
		334CC1301D73E256007F583C /* Resources */ = {
			isa = PBXResourcesBuildPhase;
			buildActionMask = 2147483647;
			files = (
				334CC1451D73E257007F583C /* LaunchScreen.storyboard in Resources */,
				334CC1421D73E257007F583C /* Assets.xcassets in Resources */,
				334CC1401D73E257007F583C /* Main.storyboard in Resources */,
			);
			runOnlyForDeploymentPostprocessing = 0;
		};
		334CC1491D73E257007F583C /* Resources */ = {
			isa = PBXResourcesBuildPhase;
			buildActionMask = 2147483647;
			files = (
			);
			runOnlyForDeploymentPostprocessing = 0;
		};
		334CC1541D73E257007F583C /* Resources */ = {
			isa = PBXResourcesBuildPhase;
			buildActionMask = 2147483647;
			files = (
			);
			runOnlyForDeploymentPostprocessing = 0;
		};
/* End PBXResourcesBuildPhase section */

/* Begin PBXSourcesBuildPhase section */
		334CC12E1D73E256007F583C /* Sources */ = {
			isa = PBXSourcesBuildPhase;
			buildActionMask = 2147483647;
			files = (
				334CC16A1D73E2A6007F583C /* BazierLine.m in Sources */,
				334CC13D1D73E257007F583C /* ViewController.m in Sources */,
				334CC13A1D73E257007F583C /* AppDelegate.m in Sources */,
				334CC1371D73E257007F583C /* main.m in Sources */,
			);
			runOnlyForDeploymentPostprocessing = 0;
		};
		334CC1471D73E257007F583C /* Sources */ = {
			isa = PBXSourcesBuildPhase;
			buildActionMask = 2147483647;
			files = (
				334CC1501D73E257007F583C /* __Tests.m in Sources */,
			);
			runOnlyForDeploymentPostprocessing = 0;
		};
		334CC1521D73E257007F583C /* Sources */ = {
			isa = PBXSourcesBuildPhase;
			buildActionMask = 2147483647;
			files = (
				334CC15B1D73E257007F583C /* __UITests.m in Sources */,
			);
			runOnlyForDeploymentPostprocessing = 0;
		};
/* End PBXSourcesBuildPhase section */

/* Begin PBXTargetDependency section */
		334CC14D1D73E257007F583C /* PBXTargetDependency */ = {
			isa = PBXTargetDependency;
			target = 334CC1311D73E256007F583C /* 绘图 */;
			targetProxy = 334CC14C1D73E257007F583C /* PBXContainerItemProxy */;
		};
		334CC1581D73E257007F583C /* PBXTargetDependency */ = {
			isa = PBXTargetDependency;
			target = 334CC1311D73E256007F583C /* 绘图 */;
			targetProxy = 334CC1571D73E257007F583C /* PBXContainerItemProxy */;
		};
/* End PBXTargetDependency section */

/* Begin PBXVariantGroup section */
		334CC13E1D73E257007F583C /* Main.storyboard */ = {
			isa = PBXVariantGroup;
			children = (
				334CC13F1D73E257007F583C /* Base */,
			);
			name = Main.storyboard;
			sourceTree = "<group>";
		};
		334CC1431D73E257007F583C /* LaunchScreen.storyboard */ = {
			isa = PBXVariantGroup;
			children = (
				334CC1441D73E257007F583C /* Base */,
			);
			name = LaunchScreen.storyboard;
			sourceTree = "<group>";
		};
/* End PBXVariantGroup section */

/* Begin XCBuildConfiguration section */
		334CC15D1D73E257007F583C /* Debug */ = {
			isa = XCBuildConfiguration;
			buildSettings = {
				ALWAYS_SEARCH_USER_PATHS = NO;
				CLANG_CXX_LANGUAGE_STANDARD = "gnu++0x";
				CLANG_CXX_LIBRARY = "libc++";
				CLANG_ENABLE_MODULES = YES;
				CLANG_ENABLE_OBJC_ARC = YES;
				CLANG_WARN_BOOL_CONVERSION = YES;
				CLANG_WARN_CONSTANT_CONVERSION = YES;
				CLANG_WARN_DIRECT_OBJC_ISA_USAGE = YES_ERROR;
				CLANG_WARN_EMPTY_BODY = YES;
				CLANG_WARN_ENUM_CONVERSION = YES;
				CLANG_WARN_INT_CONVERSION = YES;
				CLANG_WARN_OBJC_ROOT_CLASS = YES_ERROR;
				CLANG_WARN_UNREACHABLE_CODE = YES;
				CLANG_WARN__DUPLICATE_METHOD_MATCH = YES;
				"CODE_SIGN_IDENTITY[sdk=iphoneos*]" = "iPhone Developer";
				COPY_PHASE_STRIP = NO;
				DEBUG_INFORMATION_FORMAT = dwarf;
				ENABLE_STRICT_OBJC_MSGSEND = YES;
				ENABLE_TESTABILITY = YES;
				GCC_C_LANGUAGE_STANDARD = gnu99;
				GCC_DYNAMIC_NO_PIC = NO;
				GCC_NO_COMMON_BLOCKS = YES;
				GCC_OPTIMIZATION_LEVEL = 0;
				GCC_PREPROCESSOR_DEFINITIONS = (
					"DEBUG=1",
					"$(inherited)",
				);
				GCC_WARN_64_TO_32_BIT_CONVERSION = YES;
				GCC_WARN_ABOUT_RETURN_TYPE = YES_ERROR;
				GCC_WARN_UNDECLARED_SELECTOR = YES;
				GCC_WARN_UNINITIALIZED_AUTOS = YES_AGGRESSIVE;
				GCC_WARN_UNUSED_FUNCTION = YES;
				GCC_WARN_UNUSED_VARIABLE = YES;
				IPHONEOS_DEPLOYMENT_TARGET = 9.1;
				MTL_ENABLE_DEBUG_INFO = YES;
				ONLY_ACTIVE_ARCH = YES;
				SDKROOT = iphoneos;
			};
			name = Debug;
		};
		334CC15E1D73E257007F583C /* Release */ = {
			isa = XCBuildConfiguration;
			buildSettings = {
				ALWAYS_SEARCH_USER_PATHS = NO;
				CLANG_CXX_LANGUAGE_STANDARD = "gnu++0x";
				CLANG_CXX_LIBRARY = "libc++";
				CLANG_ENABLE_MODULES = YES;
				CLANG_ENABLE_OBJC_ARC = YES;
				CLANG_WARN_BOOL_CONVERSION = YES;
				CLANG_WARN_CONSTANT_CONVERSION = YES;
				CLANG_WARN_DIRECT_OBJC_ISA_USAGE = YES_ERROR;
				CLANG_WARN_EMPTY_BODY = YES;
				CLANG_WARN_ENUM_CONVERSION = YES;
				CLANG_WARN_INT_CONVERSION = YES;
				CLANG_WARN_OBJC_ROOT_CLASS = YES_ERROR;
				CLANG_WARN_UNREACHABLE_CODE = YES;
				CLANG_WARN__DUPLICATE_METHOD_MATCH = YES;
				"CODE_SIGN_IDENTITY[sdk=iphoneos*]" = "iPhone Developer";
				COPY_PHASE_STRIP = NO;
				DEBUG_INFORMATION_FORMAT = "dwarf-with-dsym";
				ENABLE_NS_ASSERTIONS = NO;
				ENABLE_STRICT_OBJC_MSGSEND = YES;
				GCC_C_LANGUAGE_STANDARD = gnu99;
				GCC_NO_COMMON_BLOCKS = YES;
				GCC_WARN_64_TO_32_BIT_CONVERSION = YES;
				GCC_WARN_ABOUT_RETURN_TYPE = YES_ERROR;
				GCC_WARN_UNDECLARED_SELECTOR = YES;
				GCC_WARN_UNINITIALIZED_AUTOS = YES_AGGRESSIVE;
				GCC_WARN_UNUSED_FUNCTION = YES;
				GCC_WARN_UNUSED_VARIABLE = YES;
				IPHONEOS_DEPLOYMENT_TARGET = 9.1;
				MTL_ENABLE_DEBUG_INFO = NO;
				SDKROOT = iphoneos;
				VALIDATE_PRODUCT = YES;
			};
			name = Release;
		};
		334CC1601D73E257007F583C /* Debug */ = {
			isa = XCBuildConfiguration;
			buildSettings = {
				ASSETCATALOG_COMPILER_APPICON_NAME = AppIcon;
				INFOPLIST_FILE = "绘图/Info.plist";
				LD_RUNPATH_SEARCH_PATHS = "$(inherited) @executable_path/Frameworks";
				PRODUCT_BUNDLE_IDENTIFIER = "com.tenann.--";
				PRODUCT_NAME = "$(TARGET_NAME)";
			};
			name = Debug;
		};
		334CC1611D73E257007F583C /* Release */ = {
			isa = XCBuildConfiguration;
			buildSettings = {
				ASSETCATALOG_COMPILER_APPICON_NAME = AppIcon;
				INFOPLIST_FILE = "绘图/Info.plist";
				LD_RUNPATH_SEARCH_PATHS = "$(inherited) @executable_path/Frameworks";
				PRODUCT_BUNDLE_IDENTIFIER = "com.tenann.--";
				PRODUCT_NAME = "$(TARGET_NAME)";
			};
			name = Release;
		};
		334CC1631D73E257007F583C /* Debug */ = {
			isa = XCBuildConfiguration;
			buildSettings = {
				BUNDLE_LOADER = "$(TEST_HOST)";
				INFOPLIST_FILE = "绘图Tests/Info.plist";
				LD_RUNPATH_SEARCH_PATHS = "$(inherited) @executable_path/Frameworks @loader_path/Frameworks";
				PRODUCT_BUNDLE_IDENTIFIER = "com.tenann.--Tests";
				PRODUCT_NAME = "$(TARGET_NAME)";
				TEST_HOST = "$(BUILT_PRODUCTS_DIR)/绘图.app/绘图";
			};
			name = Debug;
		};
		334CC1641D73E257007F583C /* Release */ = {
			isa = XCBuildConfiguration;
			buildSettings = {
				BUNDLE_LOADER = "$(TEST_HOST)";
				INFOPLIST_FILE = "绘图Tests/Info.plist";
				LD_RUNPATH_SEARCH_PATHS = "$(inherited) @executable_path/Frameworks @loader_path/Frameworks";
				PRODUCT_BUNDLE_IDENTIFIER = "com.tenann.--Tests";
				PRODUCT_NAME = "$(TARGET_NAME)";
				TEST_HOST = "$(BUILT_PRODUCTS_DIR)/绘图.app/绘图";
			};
			name = Release;
		};
		334CC1661D73E257007F583C /* Debug */ = {
			isa = XCBuildConfiguration;
			buildSettings = {
				INFOPLIST_FILE = "绘图UITests/Info.plist";
				LD_RUNPATH_SEARCH_PATHS = "$(inherited) @executable_path/Frameworks @loader_path/Frameworks";
				PRODUCT_BUNDLE_IDENTIFIER = "com.tenann.--UITests";
				PRODUCT_NAME = "$(TARGET_NAME)";
				TEST_TARGET_NAME = "绘图";
				USES_XCTRUNNER = YES;
			};
			name = Debug;
		};
		334CC1671D73E257007F583C /* Release */ = {
			isa = XCBuildConfiguration;
			buildSettings = {
				INFOPLIST_FILE = "绘图UITests/Info.plist";
				LD_RUNPATH_SEARCH_PATHS = "$(inherited) @executable_path/Frameworks @loader_path/Frameworks";
				PRODUCT_BUNDLE_IDENTIFIER = "com.tenann.--UITests";
				PRODUCT_NAME = "$(TARGET_NAME)";
				TEST_TARGET_NAME = "绘图";
				USES_XCTRUNNER = YES;
			};
			name = Release;
		};
/* End XCBuildConfiguration section */

/* Begin XCConfigurationList section */
		334CC12D1D73E256007F583C /* Build configuration list for PBXProject "绘图" */ = {
			isa = XCConfigurationList;
			buildConfigurations = (
				334CC15D1D73E257007F583C /* Debug */,
				334CC15E1D73E257007F583C /* Release */,
			);
			defaultConfigurationIsVisible = 0;
			defaultConfigurationName = Release;
		};
		334CC15F1D73E257007F583C /* Build configuration list for PBXNativeTarget "绘图" */ = {
			isa = XCConfigurationList;
			buildConfigurations = (
				334CC1601D73E257007F583C /* Debug */,
				334CC1611D73E257007F583C /* Release */,
			);
			defaultConfigurationIsVisible = 0;
		};
		334CC1621D73E257007F583C /* Build configuration list for PBXNativeTarget "绘图Tests" */ = {
			isa = XCConfigurationList;
			buildConfigurations = (
				334CC1631D73E257007F583C /* Debug */,
				334CC1641D73E257007F583C /* Release */,
			);
			defaultConfigurationIsVisible = 0;
		};
		334CC1651D73E257007F583C /* Build configuration list for PBXNativeTarget "绘图UITests" */ = {
			isa = XCConfigurationList;
			buildConfigurations = (
				334CC1661D73E257007F583C /* Debug */,
				334CC1671D73E257007F583C /* Release */,
			);
			defaultConfigurationIsVisible = 0;
		};
/* End XCConfigurationList section */
	};
	rootObject = 334CC12A1D73E256007F583C /* Project object */;
}
