// !$*UTF8*$!
{
	archiveVersion = 1;
	classes = {
	};
	objectVersion = 46;
	objects = {

/* Begin PBXBuildFile section */
		334CC1BB1D755F2A007F583C /* main.m in Sources */ = {isa = PBXBuildFile; fileRef = 334CC1BA1D755F2A007F583C /* main.m */; };
		334CC1BE1D755F2A007F583C /* AppDelegate.m in Sources */ = {isa = PBXBuildFile; fileRef = 334CC1BD1D755F2A007F583C /* AppDelegate.m */; };
		334CC1C11D755F2A007F583C /* ViewController.m in Sources */ = {isa = PBXBuildFile; fileRef = 334CC1C01D755F2A007F583C /* ViewController.m */; };
		334CC1C41D755F2A007F583C /* Main.storyboard in Resources */ = {isa = PBXBuildFile; fileRef = 334CC1C21D755F2A007F583C /* Main.storyboard */; };
		334CC1C61D755F2A007F583C /* Assets.xcassets in Resources */ = {isa = PBXBuildFile; fileRef = 334CC1C51D755F2A007F583C /* Assets.xcassets */; };
		334CC1C91D755F2A007F583C /* LaunchScreen.storyboard in Resources */ = {isa = PBXBuildFile; fileRef = 334CC1C71D755F2A007F583C /* LaunchScreen.storyboard */; };
		334CC1D41D755F2A007F583C /* ____Tests.m in Sources */ = {isa = PBXBuildFile; fileRef = 334CC1D31D755F2A007F583C /* ____Tests.m */; };
		334CC1DF1D755F2A007F583C /* ____UITests.m in Sources */ = {isa = PBXBuildFile; fileRef = 334CC1DE1D755F2A007F583C /* ____UITests.m */; };
/* End PBXBuildFile section */

/* Begin PBXContainerItemProxy section */
		334CC1D01D755F2A007F583C /* PBXContainerItemProxy */ = {
			isa = PBXContainerItemProxy;
			containerPortal = 334CC1AE1D755F2A007F583C /* Project object */;
			proxyType = 1;
			remoteGlobalIDString = 334CC1B51D755F2A007F583C;
			remoteInfo = "沙盒目录";
		};
		334CC1DB1D755F2A007F583C /* PBXContainerItemProxy */ = {
			isa = PBXContainerItemProxy;
			containerPortal = 334CC1AE1D755F2A007F583C /* Project object */;
			proxyType = 1;
			remoteGlobalIDString = 334CC1B51D755F2A007F583C;
			remoteInfo = "沙盒目录";
		};
/* End PBXContainerItemProxy section */

/* Begin PBXFileReference section */
		334CC1B61D755F2A007F583C /* 沙盒目录.app */ = {isa = PBXFileReference; explicitFileType = wrapper.application; includeInIndex = 0; path = "沙盒目录.app"; sourceTree = BUILT_PRODUCTS_DIR; };
		334CC1BA1D755F2A007F583C /* main.m */ = {isa = PBXFileReference; lastKnownFileType = sourcecode.c.objc; path = main.m; sourceTree = "<group>"; };
		334CC1BC1D755F2A007F583C /* AppDelegate.h */ = {isa = PBXFileReference; lastKnownFileType = sourcecode.c.h; path = AppDelegate.h; sourceTree = "<group>"; };
		334CC1BD1D755F2A007F583C /* AppDelegate.m */ = {isa = PBXFileReference; lastKnownFileType = sourcecode.c.objc; path = AppDelegate.m; sourceTree = "<group>"; };
		334CC1BF1D755F2A007F583C /* ViewController.h */ = {isa = PBXFileReference; lastKnownFileType = sourcecode.c.h; path = ViewController.h; sourceTree = "<group>"; };
		334CC1C01D755F2A007F583C /* ViewController.m */ = {isa = PBXFileReference; lastKnownFileType = sourcecode.c.objc; path = ViewController.m; sourceTree = "<group>"; };
		334CC1C31D755F2A007F583C /* Base */ = {isa = PBXFileReference; lastKnownFileType = file.storyboard; name = Base; path = Base.lproj/Main.storyboard; sourceTree = "<group>"; };
		334CC1C51D755F2A007F583C /* Assets.xcassets */ = {isa = PBXFileReference; lastKnownFileType = folder.assetcatalog; path = Assets.xcassets; sourceTree = "<group>"; };
		334CC1C81D755F2A007F583C /* Base */ = {isa = PBXFileReference; lastKnownFileType = file.storyboard; name = Base; path = Base.lproj/LaunchScreen.storyboard; sourceTree = "<group>"; };
		334CC1CA1D755F2A007F583C /* Info.plist */ = {isa = PBXFileReference; lastKnownFileType = text.plist.xml; path = Info.plist; sourceTree = "<group>"; };
		334CC1CF1D755F2A007F583C /* 沙盒目录Tests.xctest */ = {isa = PBXFileReference; explicitFileType = wrapper.cfbundle; includeInIndex = 0; path = "沙盒目录Tests.xctest"; sourceTree = BUILT_PRODUCTS_DIR; };
		334CC1D31D755F2A007F583C /* ____Tests.m */ = {isa = PBXFileReference; lastKnownFileType = sourcecode.c.objc; path = "____Tests.m"; sourceTree = "<group>"; };
		334CC1D51D755F2A007F583C /* Info.plist */ = {isa = PBXFileReference; lastKnownFileType = text.plist.xml; path = Info.plist; sourceTree = "<group>"; };
		334CC1DA1D755F2A007F583C /* 沙盒目录UITests.xctest */ = {isa = PBXFileReference; explicitFileType = wrapper.cfbundle; includeInIndex = 0; path = "沙盒目录UITests.xctest"; sourceTree = BUILT_PRODUCTS_DIR; };
		334CC1DE1D755F2A007F583C /* ____UITests.m */ = {isa = PBXFileReference; lastKnownFileType = sourcecode.c.objc; path = "____UITests.m"; sourceTree = "<group>"; };
		334CC1E01D755F2A007F583C /* Info.plist */ = {isa = PBXFileReference; lastKnownFileType = text.plist.xml; path = Info.plist; sourceTree = "<group>"; };
/* End PBXFileReference section */

/* Begin PBXFrameworksBuildPhase section */
		334CC1B31D755F2A007F583C /* Frameworks */ = {
			isa = PBXFrameworksBuildPhase;
			buildActionMask = 2147483647;
			files = (
			);
			runOnlyForDeploymentPostprocessing = 0;
		};
		334CC1CC1D755F2A007F583C /* Frameworks */ = {
			isa = PBXFrameworksBuildPhase;
			buildActionMask = 2147483647;
			files = (
			);
			runOnlyForDeploymentPostprocessing = 0;
		};
		334CC1D71D755F2A007F583C /* Frameworks */ = {
			isa = PBXFrameworksBuildPhase;
			buildActionMask = 2147483647;
			files = (
			);
			runOnlyForDeploymentPostprocessing = 0;
		};
/* End PBXFrameworksBuildPhase section */

/* Begin PBXGroup section */
		334CC1AD1D755F2A007F583C = {
			isa = PBXGroup;
			children = (
				334CC1B81D755F2A007F583C /* 沙盒目录 */,
				334CC1D21D755F2A007F583C /* 沙盒目录Tests */,
				334CC1DD1D755F2A007F583C /* 沙盒目录UITests */,
				334CC1B71D755F2A007F583C /* Products */,
			);
			sourceTree = "<group>";
		};
		334CC1B71D755F2A007F583C /* Products */ = {
			isa = PBXGroup;
			children = (
				334CC1B61D755F2A007F583C /* 沙盒目录.app */,
				334CC1CF1D755F2A007F583C /* 沙盒目录Tests.xctest */,
				334CC1DA1D755F2A007F583C /* 沙盒目录UITests.xctest */,
			);
			name = Products;
			sourceTree = "<group>";
		};
		334CC1B81D755F2A007F583C /* 沙盒目录 */ = {
			isa = PBXGroup;
			children = (
				334CC1BC1D755F2A007F583C /* AppDelegate.h */,
				334CC1BD1D755F2A007F583C /* AppDelegate.m */,
				334CC1BF1D755F2A007F583C /* ViewController.h */,
				334CC1C01D755F2A007F583C /* ViewController.m */,
				334CC1C21D755F2A007F583C /* Main.storyboard */,
				334CC1C51D755F2A007F583C /* Assets.xcassets */,
				334CC1C71D755F2A007F583C /* LaunchScreen.storyboard */,
				334CC1CA1D755F2A007F583C /* Info.plist */,
				334CC1B91D755F2A007F583C /* Supporting Files */,
			);
			path = "沙盒目录";
			sourceTree = "<group>";
		};
		334CC1B91D755F2A007F583C /* Supporting Files */ = {
			isa = PBXGroup;
			children = (
				334CC1BA1D755F2A007F583C /* main.m */,
			);
			name = "Supporting Files";
			sourceTree = "<group>";
		};
		334CC1D21D755F2A007F583C /* 沙盒目录Tests */ = {
			isa = PBXGroup;
			children = (
				334CC1D31D755F2A007F583C /* ____Tests.m */,
				334CC1D51D755F2A007F583C /* Info.plist */,
			);
			path = "沙盒目录Tests";
			sourceTree = "<group>";
		};
		334CC1DD1D755F2A007F583C /* 沙盒目录UITests */ = {
			isa = PBXGroup;
			children = (
				334CC1DE1D755F2A007F583C /* ____UITests.m */,
				334CC1E01D755F2A007F583C /* Info.plist */,
			);
			path = "沙盒目录UITests";
			sourceTree = "<group>";
		};
/* End PBXGroup section */

/* Begin PBXNativeTarget section */
		334CC1B51D755F2A007F583C /* 沙盒目录 */ = {
			isa = PBXNativeTarget;
			buildConfigurationList = 334CC1E31D755F2A007F583C /* Build configuration list for PBXNativeTarget "沙盒目录" */;
			buildPhases = (
				334CC1B21D755F2A007F583C /* Sources */,
				334CC1B31D755F2A007F583C /* Frameworks */,
				334CC1B41D755F2A007F583C /* Resources */,
			);
			buildRules = (
			);
			dependencies = (
			);
			name = "沙盒目录";
			productName = "沙盒目录";
			productReference = 334CC1B61D755F2A007F583C /* 沙盒目录.app */;
			productType = "com.apple.product-type.application";
		};
		334CC1CE1D755F2A007F583C /* 沙盒目录Tests */ = {
			isa = PBXNativeTarget;
			buildConfigurationList = 334CC1E61D755F2A007F583C /* Build configuration list for PBXNativeTarget "沙盒目录Tests" */;
			buildPhases = (
				334CC1CB1D755F2A007F583C /* Sources */,
				334CC1CC1D755F2A007F583C /* Frameworks */,
				334CC1CD1D755F2A007F583C /* Resources */,
			);
			buildRules = (
			);
			dependencies = (
				334CC1D11D755F2A007F583C /* PBXTargetDependency */,
			);
			name = "沙盒目录Tests";
			productName = "沙盒目录Tests";
			productReference = 334CC1CF1D755F2A007F583C /* 沙盒目录Tests.xctest */;
			productType = "com.apple.product-type.bundle.unit-test";
		};
		334CC1D91D755F2A007F583C /* 沙盒目录UITests */ = {
			isa = PBXNativeTarget;
			buildConfigurationList = 334CC1E91D755F2A007F583C /* Build configuration list for PBXNativeTarget "沙盒目录UITests" */;
			buildPhases = (
				334CC1D61D755F2A007F583C /* Sources */,
				334CC1D71D755F2A007F583C /* Frameworks */,
				334CC1D81D755F2A007F583C /* Resources */,
			);
			buildRules = (
			);
			dependencies = (
				334CC1DC1D755F2A007F583C /* PBXTargetDependency */,
			);
			name = "沙盒目录UITests";
			productName = "沙盒目录UITests";
			productReference = 334CC1DA1D755F2A007F583C /* 沙盒目录UITests.xctest */;
			productType = "com.apple.product-type.bundle.ui-testing";
		};
/* End PBXNativeTarget section */

/* Begin PBXProject section */
		334CC1AE1D755F2A007F583C /* Project object */ = {
			isa = PBXProject;
			attributes = {
				LastUpgradeCheck = 0710;
				ORGANIZATIONNAME = tens04.27;
				TargetAttributes = {
					334CC1B51D755F2A007F583C = {
						CreatedOnToolsVersion = 7.1.1;
					};
					334CC1CE1D755F2A007F583C = {
						CreatedOnToolsVersion = 7.1.1;
						TestTargetID = 334CC1B51D755F2A007F583C;
					};
					334CC1D91D755F2A007F583C = {
						CreatedOnToolsVersion = 7.1.1;
						TestTargetID = 334CC1B51D755F2A007F583C;
					};
				};
			};
			buildConfigurationList = 334CC1B11D755F2A007F583C /* Build configuration list for PBXProject "沙盒目录" */;
			compatibilityVersion = "Xcode 3.2";
			developmentRegion = English;
			hasScannedForEncodings = 0;
			knownRegions = (
				en,
				Base,
			);
			mainGroup = 334CC1AD1D755F2A007F583C;
			productRefGroup = 334CC1B71D755F2A007F583C /* Products */;
			projectDirPath = "";
			projectRoot = "";
			targets = (
				334CC1B51D755F2A007F583C /* 沙盒目录 */,
				334CC1CE1D755F2A007F583C /* 沙盒目录Tests */,
				334CC1D91D755F2A007F583C /* 沙盒目录UITests */,
			);
		};
/* End PBXProject section */

/* Begin PBXResourcesBuildPhase section */
		334CC1B41D755F2A007F583C /* Resources */ = {
			isa = PBXResourcesBuildPhase;
			buildActionMask = 2147483647;
			files = (
				334CC1C91D755F2A007F583C /* LaunchScreen.storyboard in Resources */,
				334CC1C61D755F2A007F583C /* Assets.xcassets in Resources */,
				334CC1C41D755F2A007F583C /* Main.storyboard in Resources */,
			);
			runOnlyForDeploymentPostprocessing = 0;
		};
		334CC1CD1D755F2A007F583C /* Resources */ = {
			isa = PBXResourcesBuildPhase;
			buildActionMask = 2147483647;
			files = (
			);
			runOnlyForDeploymentPostprocessing = 0;
		};
		334CC1D81D755F2A007F583C /* Resources */ = {
			isa = PBXResourcesBuildPhase;
			buildActionMask = 2147483647;
			files = (
			);
			runOnlyForDeploymentPostprocessing = 0;
		};
/* End PBXResourcesBuildPhase section */

/* Begin PBXSourcesBuildPhase section */
		334CC1B21D755F2A007F583C /* Sources */ = {
			isa = PBXSourcesBuildPhase;
			buildActionMask = 2147483647;
			files = (
				334CC1C11D755F2A007F583C /* ViewController.m in Sources */,
				334CC1BE1D755F2A007F583C /* AppDelegate.m in Sources */,
				334CC1BB1D755F2A007F583C /* main.m in Sources */,
			);
			runOnlyForDeploymentPostprocessing = 0;
		};
		334CC1CB1D755F2A007F583C /* Sources */ = {
			isa = PBXSourcesBuildPhase;
			buildActionMask = 2147483647;
			files = (
				334CC1D41D755F2A007F583C /* ____Tests.m in Sources */,
			);
			runOnlyForDeploymentPostprocessing = 0;
		};
		334CC1D61D755F2A007F583C /* Sources */ = {
			isa = PBXSourcesBuildPhase;
			buildActionMask = 2147483647;
			files = (
				334CC1DF1D755F2A007F583C /* ____UITests.m in Sources */,
			);
			runOnlyForDeploymentPostprocessing = 0;
		};
/* End PBXSourcesBuildPhase section */

/* Begin PBXTargetDependency section */
		334CC1D11D755F2A007F583C /* PBXTargetDependency */ = {
			isa = PBXTargetDependency;
			target = 334CC1B51D755F2A007F583C /* 沙盒目录 */;
			targetProxy = 334CC1D01D755F2A007F583C /* PBXContainerItemProxy */;
		};
		334CC1DC1D755F2A007F583C /* PBXTargetDependency */ = {
			isa = PBXTargetDependency;
			target = 334CC1B51D755F2A007F583C /* 沙盒目录 */;
			targetProxy = 334CC1DB1D755F2A007F583C /* PBXContainerItemProxy */;
		};
/* End PBXTargetDependency section */

/* Begin PBXVariantGroup section */
		334CC1C21D755F2A007F583C /* Main.storyboard */ = {
			isa = PBXVariantGroup;
			children = (
				334CC1C31D755F2A007F583C /* Base */,
			);
			name = Main.storyboard;
			sourceTree = "<group>";
		};
		334CC1C71D755F2A007F583C /* LaunchScreen.storyboard */ = {
			isa = PBXVariantGroup;
			children = (
				334CC1C81D755F2A007F583C /* Base */,
			);
			name = LaunchScreen.storyboard;
			sourceTree = "<group>";
		};
/* End PBXVariantGroup section */

/* Begin XCBuildConfiguration section */
		334CC1E11D755F2A007F583C /* Debug */ = {
			isa = XCBuildConfiguration;
			buildSettings = {
				ALWAYS_SEARCH_USER_PATHS = NO;
				CLANG_CXX_LANGUAGE_STANDARD = "gnu++0x";
				CLANG_CXX_LIBRARY = "libc++";
				CLANG_ENABLE_MODULES = YES;
				CLANG_ENABLE_OBJC_ARC = YES;
				CLANG_WARN_BOOL_CONVERSION = YES;
				CLANG_WARN_CONSTANT_CONVERSION = YES;
				CLANG_WARN_DIRECT_OBJC_ISA_USAGE = YES_ERROR;
				CLANG_WARN_EMPTY_BODY = YES;
				CLANG_WARN_ENUM_CONVERSION = YES;
				CLANG_WARN_INT_CONVERSION = YES;
				CLANG_WARN_OBJC_ROOT_CLASS = YES_ERROR;
				CLANG_WARN_UNREACHABLE_CODE = YES;
				CLANG_WARN__DUPLICATE_METHOD_MATCH = YES;
				"CODE_SIGN_IDENTITY[sdk=iphoneos*]" = "iPhone Developer";
				COPY_PHASE_STRIP = NO;
				DEBUG_INFORMATION_FORMAT = dwarf;
				ENABLE_STRICT_OBJC_MSGSEND = YES;
				ENABLE_TESTABILITY = YES;
				GCC_C_LANGUAGE_STANDARD = gnu99;
				GCC_DYNAMIC_NO_PIC = NO;
				GCC_NO_COMMON_BLOCKS = YES;
				GCC_OPTIMIZATION_LEVEL = 0;
				GCC_PREPROCESSOR_DEFINITIONS = (
					"DEBUG=1",
					"$(inherited)",
				);
				GCC_WARN_64_TO_32_BIT_CONVERSION = YES;
				GCC_WARN_ABOUT_RETURN_TYPE = YES_ERROR;
				GCC_WARN_UNDECLARED_SELECTOR = YES;
				GCC_WARN_UNINITIALIZED_AUTOS = YES_AGGRESSIVE;
				GCC_WARN_UNUSED_FUNCTION = YES;
				GCC_WARN_UNUSED_VARIABLE = YES;
				IPHONEOS_DEPLOYMENT_TARGET = 9.1;
				MTL_ENABLE_DEBUG_INFO = YES;
				ONLY_ACTIVE_ARCH = YES;
				SDKROOT = iphoneos;
			};
			name = Debug;
		};
		334CC1E21D755F2A007F583C /* Release */ = {
			isa = XCBuildConfiguration;
			buildSettings = {
				ALWAYS_SEARCH_USER_PATHS = NO;
				CLANG_CXX_LANGUAGE_STANDARD = "gnu++0x";
				CLANG_CXX_LIBRARY = "libc++";
				CLANG_ENABLE_MODULES = YES;
				CLANG_ENABLE_OBJC_ARC = YES;
				CLANG_WARN_BOOL_CONVERSION = YES;
				CLANG_WARN_CONSTANT_CONVERSION = YES;
				CLANG_WARN_DIRECT_OBJC_ISA_USAGE = YES_ERROR;
				CLANG_WARN_EMPTY_BODY = YES;
				CLANG_WARN_ENUM_CONVERSION = YES;
				CLANG_WARN_INT_CONVERSION = YES;
				CLANG_WARN_OBJC_ROOT_CLASS = YES_ERROR;
				CLANG_WARN_UNREACHABLE_CODE = YES;
				CLANG_WARN__DUPLICATE_METHOD_MATCH = YES;
				"CODE_SIGN_IDENTITY[sdk=iphoneos*]" = "iPhone Developer";
				COPY_PHASE_STRIP = NO;
				DEBUG_INFORMATION_FORMAT = "dwarf-with-dsym";
				ENABLE_NS_ASSERTIONS = NO;
				ENABLE_STRICT_OBJC_MSGSEND = YES;
				GCC_C_LANGUAGE_STANDARD = gnu99;
				GCC_NO_COMMON_BLOCKS = YES;
				GCC_WARN_64_TO_32_BIT_CONVERSION = YES;
				GCC_WARN_ABOUT_RETURN_TYPE = YES_ERROR;
				GCC_WARN_UNDECLARED_SELECTOR = YES;
				GCC_WARN_UNINITIALIZED_AUTOS = YES_AGGRESSIVE;
				GCC_WARN_UNUSED_FUNCTION = YES;
				GCC_WARN_UNUSED_VARIABLE = YES;
				IPHONEOS_DEPLOYMENT_TARGET = 9.1;
				MTL_ENABLE_DEBUG_INFO = NO;
				SDKROOT = iphoneos;
				VALIDATE_PRODUCT = YES;
			};
			name = Release;
		};
		334CC1E41D755F2A007F583C /* Debug */ = {
			isa = XCBuildConfiguration;
			buildSettings = {
				ASSETCATALOG_COMPILER_APPICON_NAME = AppIcon;
				INFOPLIST_FILE = "沙盒目录/Info.plist";
				LD_RUNPATH_SEARCH_PATHS = "$(inherited) @executable_path/Frameworks";
				PRODUCT_BUNDLE_IDENTIFIER = "com.tenann.----";
				PRODUCT_NAME = "$(TARGET_NAME)";
			};
			name = Debug;
		};
		334CC1E51D755F2A007F583C /* Release */ = {
			isa = XCBuildConfiguration;
			buildSettings = {
				ASSETCATALOG_COMPILER_APPICON_NAME = AppIcon;
				INFOPLIST_FILE = "沙盒目录/Info.plist";
				LD_RUNPATH_SEARCH_PATHS = "$(inherited) @executable_path/Frameworks";
				PRODUCT_BUNDLE_IDENTIFIER = "com.tenann.----";
				PRODUCT_NAME = "$(TARGET_NAME)";
			};
			name = Release;
		};
		334CC1E71D755F2A007F583C /* Debug */ = {
			isa = XCBuildConfiguration;
			buildSettings = {
				BUNDLE_LOADER = "$(TEST_HOST)";
				INFOPLIST_FILE = "沙盒目录Tests/Info.plist";
				LD_RUNPATH_SEARCH_PATHS = "$(inherited) @executable_path/Frameworks @loader_path/Frameworks";
				PRODUCT_BUNDLE_IDENTIFIER = "com.tenann.----Tests";
				PRODUCT_NAME = "$(TARGET_NAME)";
				TEST_HOST = "$(BUILT_PRODUCTS_DIR)/沙盒目录.app/沙盒目录";
			};
			name = Debug;
		};
		334CC1E81D755F2A007F583C /* Release */ = {
			isa = XCBuildConfiguration;
			buildSettings = {
				BUNDLE_LOADER = "$(TEST_HOST)";
				INFOPLIST_FILE = "沙盒目录Tests/Info.plist";
				LD_RUNPATH_SEARCH_PATHS = "$(inherited) @executable_path/Frameworks @loader_path/Frameworks";
				PRODUCT_BUNDLE_IDENTIFIER = "com.tenann.----Tests";
				PRODUCT_NAME = "$(TARGET_NAME)";
				TEST_HOST = "$(BUILT_PRODUCTS_DIR)/沙盒目录.app/沙盒目录";
			};
			name = Release;
		};
		334CC1EA1D755F2A007F583C /* Debug */ = {
			isa = XCBuildConfiguration;
			buildSettings = {
				INFOPLIST_FILE = "沙盒目录UITests/Info.plist";
				LD_RUNPATH_SEARCH_PATHS = "$(inherited) @executable_path/Frameworks @loader_path/Frameworks";
				PRODUCT_BUNDLE_IDENTIFIER = "com.tenann.----UITests";
				PRODUCT_NAME = "$(TARGET_NAME)";
				TEST_TARGET_NAME = "沙盒目录";
				USES_XCTRUNNER = YES;
			};
			name = Debug;
		};
		334CC1EB1D755F2A007F583C /* Release */ = {
			isa = XCBuildConfiguration;
			buildSettings = {
				INFOPLIST_FILE = "沙盒目录UITests/Info.plist";
				LD_RUNPATH_SEARCH_PATHS = "$(inherited) @executable_path/Frameworks @loader_path/Frameworks";
				PRODUCT_BUNDLE_IDENTIFIER = "com.tenann.----UITests";
				PRODUCT_NAME = "$(TARGET_NAME)";
				TEST_TARGET_NAME = "沙盒目录";
				USES_XCTRUNNER = YES;
			};
			name = Release;
		};
/* End XCBuildConfiguration section */

/* Begin XCConfigurationList section */
		334CC1B11D755F2A007F583C /* Build configuration list for PBXProject "沙盒目录" */ = {
			isa = XCConfigurationList;
			buildConfigurations = (
				334CC1E11D755F2A007F583C /* Debug */,
				334CC1E21D755F2A007F583C /* Release */,
			);
			defaultConfigurationIsVisible = 0;
			defaultConfigurationName = Release;
		};
		334CC1E31D755F2A007F583C /* Build configuration list for PBXNativeTarget "沙盒目录" */ = {
			isa = XCConfigurationList;
			buildConfigurations = (
				334CC1E41D755F2A007F583C /* Debug */,
				334CC1E51D755F2A007F583C /* Release */,
			);
			defaultConfigurationIsVisible = 0;
		};
		334CC1E61D755F2A007F583C /* Build configuration list for PBXNativeTarget "沙盒目录Tests" */ = {
			isa = XCConfigurationList;
			buildConfigurations = (
				334CC1E71D755F2A007F583C /* Debug */,
				334CC1E81D755F2A007F583C /* Release */,
			);
			defaultConfigurationIsVisible = 0;
		};
		334CC1E91D755F2A007F583C /* Build configuration list for PBXNativeTarget "沙盒目录UITests" */ = {
			isa = XCConfigurationList;
			buildConfigurations = (
				334CC1EA1D755F2A007F583C /* Debug */,
				334CC1EB1D755F2A007F583C /* Release */,
			);
			defaultConfigurationIsVisible = 0;
		};
/* End XCConfigurationList section */
	};
	rootObject = 334CC1AE1D755F2A007F583C /* Project object */;
}
